
Microsoft Visual Studio Solution File, Format Version 12.00
# Visual Studio 14
VisualStudioVersion = 14.0.25420.1
MinimumVisualStudioVersion = 10.0.40219.1
Project("{FAE04EC0-301F-11D3-BF4B-00C04F79EFBC}") = "JCMS.DataModelLayer", "JCMS.DataModelLayer\JCMS.DataModelLayer.csproj", "{C06B799B-90F2-49A3-B299-A794069BA9CA}"
EndProject
Project("{FAE04EC0-301F-11D3-BF4B-00C04F79EFBC}") = "JCMS.RestAPI", "JCMS.RestAPI\JCMS.RestAPI.csproj", "{B69551F0-E893-4D7C-AD7F-7893C575849A}"
EndProject
Project("{FAE04EC0-301F-11D3-BF4B-00C04F79EFBC}") = "JCMS.DataModelLayer.Test", "JCMS.DataModelLayer.Test\JCMS.DataModelLayer.Test.csproj", "{3A7BBD1E-857A-4E2B-9458-0DB2CCA8B13A}"
EndProject
Project("{2150E333-8FDC-42A3-9474-1A3956D46DE8}") = "Tests", "Tests", "{65F339DE-98AD-42BA-A42C-BCDEC3839BC1}"
EndProject
Project("{FAE04EC0-301F-11D3-BF4B-00C04F79EFBC}") = "JCMS.RestAPI.Test", "JCMS.RestAPI.Test\JCMS.RestAPI.Test.csproj", "{674B094E-419E-4A06-B655-342D11450988}"
EndProject
Global
	GlobalSection(SolutionConfigurationPlatforms) = preSolution
		Debug|Any CPU = Debug|Any CPU
		Debug|ARM = Debug|ARM
		Debug|x64 = Debug|x64
		Debug|x86 = Debug|x86
		Release|Any CPU = Release|Any CPU
		Release|ARM = Release|ARM
		Release|x64 = Release|x64
		Release|x86 = Release|x86
	EndGlobalSection
	GlobalSection(ProjectConfigurationPlatforms) = postSolution
		{C06B799B-90F2-49A3-B299-A794069BA9CA}.Debug|Any CPU.ActiveCfg = Debug|Any CPU
		{C06B799B-90F2-49A3-B299-A794069BA9CA}.Debug|Any CPU.Build.0 = Debug|Any CPU
		{C06B799B-90F2-49A3-B299-A794069BA9CA}.Debug|ARM.ActiveCfg = Debug|Any CPU
		{C06B799B-90F2-49A3-B299-A794069BA9CA}.Debug|ARM.Build.0 = Debug|Any CPU
		{C06B799B-90F2-49A3-B299-A794069BA9CA}.Debug|x64.ActiveCfg = Debug|Any CPU
		{C06B799B-90F2-49A3-B299-A794069BA9CA}.Debug|x64.Build.0 = Debug|Any CPU
		{C06B799B-90F2-49A3-B299-A794069BA9CA}.Debug|x86.ActiveCfg = Debug|Any CPU
		{C06B799B-90F2-49A3-B299-A794069BA9CA}.Debug|x86.Build.0 = Debug|Any CPU
		{C06B799B-90F2-49A3-B299-A794069BA9CA}.Release|Any CPU.ActiveCfg = Release|Any CPU
		{C06B799B-90F2-49A3-B299-A794069BA9CA}.Release|Any CPU.Build.0 = Release|Any CPU
		{C06B799B-90F2-49A3-B299-A794069BA9CA}.Release|ARM.ActiveCfg = Release|Any CPU
		{C06B799B-90F2-49A3-B299-A794069BA9CA}.Release|ARM.Build.0 = Release|Any CPU
		{C06B799B-90F2-49A3-B299-A794069BA9CA}.Release|x64.ActiveCfg = Release|Any CPU
		{C06B799B-90F2-49A3-B299-A794069BA9CA}.Release|x64.Build.0 = Release|Any CPU
		{C06B799B-90F2-49A3-B299-A794069BA9CA}.Release|x86.ActiveCfg = Release|Any CPU
		{C06B799B-90F2-49A3-B299-A794069BA9CA}.Release|x86.Build.0 = Release|Any CPU
		{B69551F0-E893-4D7C-AD7F-7893C575849A}.Debug|Any CPU.ActiveCfg = Debug|Any CPU
		{B69551F0-E893-4D7C-AD7F-7893C575849A}.Debug|Any CPU.Build.0 = Debug|Any CPU
		{B69551F0-E893-4D7C-AD7F-7893C575849A}.Debug|ARM.ActiveCfg = Debug|Any CPU
		{B69551F0-E893-4D7C-AD7F-7893C575849A}.Debug|ARM.Build.0 = Debug|Any CPU
		{B69551F0-E893-4D7C-AD7F-7893C575849A}.Debug|x64.ActiveCfg = Debug|Any CPU
		{B69551F0-E893-4D7C-AD7F-7893C575849A}.Debug|x64.Build.0 = Debug|Any CPU
		{B69551F0-E893-4D7C-AD7F-7893C575849A}.Debug|x86.ActiveCfg = Debug|Any CPU
		{B69551F0-E893-4D7C-AD7F-7893C575849A}.Debug|x86.Build.0 = Debug|Any CPU
		{B69551F0-E893-4D7C-AD7F-7893C575849A}.Release|Any CPU.ActiveCfg = Release|Any CPU
		{B69551F0-E893-4D7C-AD7F-7893C575849A}.Release|Any CPU.Build.0 = Release|Any CPU
		{B69551F0-E893-4D7C-AD7F-7893C575849A}.Release|ARM.ActiveCfg = Release|Any CPU
		{B69551F0-E893-4D7C-AD7F-7893C575849A}.Release|ARM.Build.0 = Release|Any CPU
		{B69551F0-E893-4D7C-AD7F-7893C575849A}.Release|x64.ActiveCfg = Release|Any CPU
		{B69551F0-E893-4D7C-AD7F-7893C575849A}.Release|x64.Build.0 = Release|Any CPU
		{B69551F0-E893-4D7C-AD7F-7893C575849A}.Release|x86.ActiveCfg = Release|Any CPU
		{B69551F0-E893-4D7C-AD7F-7893C575849A}.Release|x86.Build.0 = Release|Any CPU
		{3A7BBD1E-857A-4E2B-9458-0DB2CCA8B13A}.Debug|Any CPU.ActiveCfg = Debug|Any CPU
		{3A7BBD1E-857A-4E2B-9458-0DB2CCA8B13A}.Debug|Any CPU.Build.0 = Debug|Any CPU
		{3A7BBD1E-857A-4E2B-9458-0DB2CCA8B13A}.Debug|ARM.ActiveCfg = Debug|Any CPU
		{3A7BBD1E-857A-4E2B-9458-0DB2CCA8B13A}.Debug|ARM.Build.0 = Debug|Any CPU
		{3A7BBD1E-857A-4E2B-9458-0DB2CCA8B13A}.Debug|x64.ActiveCfg = Debug|Any CPU
		{3A7BBD1E-857A-4E2B-9458-0DB2CCA8B13A}.Debug|x64.Build.0 = Debug|Any CPU
		{3A7BBD1E-857A-4E2B-9458-0DB2CCA8B13A}.Debug|x86.ActiveCfg = Debug|Any CPU
		{3A7BBD1E-857A-4E2B-9458-0DB2CCA8B13A}.Debug|x86.Build.0 = Debug|Any CPU
		{3A7BBD1E-857A-4E2B-9458-0DB2CCA8B13A}.Release|Any CPU.ActiveCfg = Release|Any CPU
		{3A7BBD1E-857A-4E2B-9458-0DB2CCA8B13A}.Release|Any CPU.Build.0 = Release|Any CPU
		{3A7BBD1E-857A-4E2B-9458-0DB2CCA8B13A}.Release|ARM.ActiveCfg = Release|Any CPU
		{3A7BBD1E-857A-4E2B-9458-0DB2CCA8B13A}.Release|ARM.Build.0 = Release|Any CPU
		{3A7BBD1E-857A-4E2B-9458-0DB2CCA8B13A}.Release|x64.ActiveCfg = Release|Any CPU
		{3A7BBD1E-857A-4E2B-9458-0DB2CCA8B13A}.Release|x64.Build.0 = Release|Any CPU
		{3A7BBD1E-857A-4E2B-9458-0DB2CCA8B13A}.Release|x86.ActiveCfg = Release|Any CPU
		{3A7BBD1E-857A-4E2B-9458-0DB2CCA8B13A}.Release|x86.Build.0 = Release|Any CPU
		{674B094E-419E-4A06-B655-342D11450988}.Debug|Any CPU.ActiveCfg = Debug|Any CPU
		{674B094E-419E-4A06-B655-342D11450988}.Debug|Any CPU.Build.0 = Debug|Any CPU
		{674B094E-419E-4A06-B655-342D11450988}.Debug|ARM.ActiveCfg = Debug|Any CPU
		{674B094E-419E-4A06-B655-342D11450988}.Debug|ARM.Build.0 = Debug|Any CPU
		{674B094E-419E-4A06-B655-342D11450988}.Debug|x64.ActiveCfg = Debug|Any CPU
		{674B094E-419E-4A06-B655-342D11450988}.Debug|x64.Build.0 = Debug|Any CPU
		{674B094E-419E-4A06-B655-342D11450988}.Debug|x86.ActiveCfg = Debug|Any CPU
		{674B094E-419E-4A06-B655-342D11450988}.Debug|x86.Build.0 = Debug|Any CPU
		{674B094E-419E-4A06-B655-342D11450988}.Release|Any CPU.ActiveCfg = Release|Any CPU
		{674B094E-419E-4A06-B655-342D11450988}.Release|Any CPU.Build.0 = Release|Any CPU
		{674B094E-419E-4A06-B655-342D11450988}.Release|ARM.ActiveCfg = Release|Any CPU
		{674B094E-419E-4A06-B655-342D11450988}.Release|ARM.Build.0 = Release|Any CPU
		{674B094E-419E-4A06-B655-342D11450988}.Release|x64.ActiveCfg = Release|Any CPU
		{674B094E-419E-4A06-B655-342D11450988}.Release|x64.Build.0 = Release|Any CPU
		{674B094E-419E-4A06-B655-342D11450988}.Release|x86.ActiveCfg = Release|Any CPU
		{674B094E-419E-4A06-B655-342D11450988}.Release|x86.Build.0 = Release|Any CPU
	EndGlobalSection
	GlobalSection(SolutionProperties) = preSolution
		HideSolutionNode = FALSE
	EndGlobalSection
	GlobalSection(NestedProjects) = preSolution
		{3A7BBD1E-857A-4E2B-9458-0DB2CCA8B13A} = {65F339DE-98AD-42BA-A42C-BCDEC3839BC1}
		{674B094E-419E-4A06-B655-342D11450988} = {65F339DE-98AD-42BA-A42C-BCDEC3839BC1}
	EndGlobalSection
EndGlobal
